// !$*UTF8*$!
{
	archiveVersion = 1;
	classes = {
	};
	objectVersion = 50;
	objects = {

/* Begin PBXBuildFile section */
		2C11E47520932E1A00C6D5E7 /* DeepLink.swift in Sources */ = {isa = PBXBuildFile; fileRef = 2C11E47420932E1A00C6D5E7 /* DeepLink.swift */; };
		2C11E47820933BB200C6D5E7 /* RouterType.swift in Sources */ = {isa = PBXBuildFile; fileRef = 2C11E47720933BB200C6D5E7 /* RouterType.swift */; };
		2C11E47A20933BCB00C6D5E7 /* AppRouter.swift in Sources */ = {isa = PBXBuildFile; fileRef = 2C11E47920933BCB00C6D5E7 /* AppRouter.swift */; };
		2C11E47E20933C0200C6D5E7 /* NavigationRouter.swift in Sources */ = {isa = PBXBuildFile; fileRef = 2C11E47D20933C0200C6D5E7 /* NavigationRouter.swift */; };
		2C11E48020933DCF00C6D5E7 /* AppCoordinator.swift in Sources */ = {isa = PBXBuildFile; fileRef = 2C11E47F20933DCF00C6D5E7 /* AppCoordinator.swift */; };
		2C11E48220935E1300C6D5E7 /* FeedCoordinator.swift in Sources */ = {isa = PBXBuildFile; fileRef = 2C11E48120935E1300C6D5E7 /* FeedCoordinator.swift */; };
		2C11E48420935FE400C6D5E7 /* FavoritesCoordinator.swift in Sources */ = {isa = PBXBuildFile; fileRef = 2C11E48320935FE400C6D5E7 /* FavoritesCoordinator.swift */; };
		2C11E4862093669100C6D5E7 /* Utils.swift in Sources */ = {isa = PBXBuildFile; fileRef = 2C11E4852093669100C6D5E7 /* Utils.swift */; };
		2C677F85209C510000CFE940 /* User.swift in Sources */ = {isa = PBXBuildFile; fileRef = 2C677F84209C510000CFE940 /* User.swift */; };
		2C677F87209C511400CFE940 /* Session.swift in Sources */ = {isa = PBXBuildFile; fileRef = 2C677F86209C511400CFE940 /* Session.swift */; };
		2C677F89209C520600CFE940 /* AuthCoordinator.swift in Sources */ = {isa = PBXBuildFile; fileRef = 2C677F88209C520600CFE940 /* AuthCoordinator.swift */; };
		2C677F8B209C6E9E00CFE940 /* ProfileCoordinator.swift in Sources */ = {isa = PBXBuildFile; fileRef = 2C677F8A209C6E9E00CFE940 /* ProfileCoordinator.swift */; };
		2C677F8D209C72CD00CFE940 /* AuthFlowRunner.swift in Sources */ = {isa = PBXBuildFile; fileRef = 2C677F8C209C72CD00CFE940 /* AuthFlowRunner.swift */; };
		2C677F8F209C733200CFE940 /* ProfileFlowRunner.swift in Sources */ = {isa = PBXBuildFile; fileRef = 2C677F8E209C733200CFE940 /* ProfileFlowRunner.swift */; };
		2C6E72972093099200F8FD40 /* AppDelegate.swift in Sources */ = {isa = PBXBuildFile; fileRef = 2C6E72962093099200F8FD40 /* AppDelegate.swift */; };
		2C6E729E2093099400F8FD40 /* Assets.xcassets in Resources */ = {isa = PBXBuildFile; fileRef = 2C6E729D2093099400F8FD40 /* Assets.xcassets */; };
		2C6E72A12093099400F8FD40 /* LaunchScreen.storyboard in Resources */ = {isa = PBXBuildFile; fileRef = 2C6E729F2093099400F8FD40 /* LaunchScreen.storyboard */; };
		2C6E72AC2093099400F8FD40 /* TestCoordinatorsTests.swift in Sources */ = {isa = PBXBuildFile; fileRef = 2C6E72AB2093099400F8FD40 /* TestCoordinatorsTests.swift */; };
		2C6E72C020930C6300F8FD40 /* Debug.swift in Sources */ = {isa = PBXBuildFile; fileRef = 2C6E72BD20930C6300F8FD40 /* Debug.swift */; };
		2C6E72C220930D2000F8FD40 /* NavigationController.swift in Sources */ = {isa = PBXBuildFile; fileRef = 2C6E72C120930D2000F8FD40 /* NavigationController.swift */; };
		2C6E72C420930D4000F8FD40 /* TabBarController.swift in Sources */ = {isa = PBXBuildFile; fileRef = 2C6E72C320930D4000F8FD40 /* TabBarController.swift */; };
		2C6E72C620930D6300F8FD40 /* AbstractViewController.swift in Sources */ = {isa = PBXBuildFile; fileRef = 2C6E72C520930D6300F8FD40 /* AbstractViewController.swift */; };
		2C6E72C820930D9B00F8FD40 /* FeedViewController.swift in Sources */ = {isa = PBXBuildFile; fileRef = 2C6E72C720930D9B00F8FD40 /* FeedViewController.swift */; };
		2C6E72CA20930DAD00F8FD40 /* FavoritesViewController.swift in Sources */ = {isa = PBXBuildFile; fileRef = 2C6E72C920930DAD00F8FD40 /* FavoritesViewController.swift */; };
		2C6E72CC20930E1100F8FD40 /* Presentable.swift in Sources */ = {isa = PBXBuildFile; fileRef = 2C6E72CB20930E1100F8FD40 /* Presentable.swift */; };
		2C6E72CE20930E7500F8FD40 /* Coordinator.swift in Sources */ = {isa = PBXBuildFile; fileRef = 2C6E72CD20930E7500F8FD40 /* Coordinator.swift */; };
		2C6E72D020930FBD00F8FD40 /* Feed.storyboard in Resources */ = {isa = PBXBuildFile; fileRef = 2C6E72CF20930FBD00F8FD40 /* Feed.storyboard */; };
		2C6E72D220930FC800F8FD40 /* Favorites.storyboard in Resources */ = {isa = PBXBuildFile; fileRef = 2C6E72D120930FC800F8FD40 /* Favorites.storyboard */; };
		2C6E72D420930FF400F8FD40 /* Storyboard.swift in Sources */ = {isa = PBXBuildFile; fileRef = 2C6E72D320930FF400F8FD40 /* Storyboard.swift */; };
		2C6E72D62093103300F8FD40 /* Defaults.swift in Sources */ = {isa = PBXBuildFile; fileRef = 2C6E72D52093103300F8FD40 /* Defaults.swift */; };
		2C706DA520A051AB00970FE7 /* EditProfileViewController.swift in Sources */ = {isa = PBXBuildFile; fileRef = 2C706DA420A051AB00970FE7 /* EditProfileViewController.swift */; };
		2CC62B6A209B469E005AB657 /* OnboardingViewController.swift in Sources */ = {isa = PBXBuildFile; fileRef = 2CC62B69209B469E005AB657 /* OnboardingViewController.swift */; };
		2CC62B6D209B46FD005AB657 /* Onboarding.storyboard in Resources */ = {isa = PBXBuildFile; fileRef = 2CC62B6C209B46FD005AB657 /* Onboarding.storyboard */; };
		2CC62B70209B4E0F005AB657 /* LoginViewController.swift in Sources */ = {isa = PBXBuildFile; fileRef = 2CC62B6F209B4E0F005AB657 /* LoginViewController.swift */; };
		2CC62B72209B4E43005AB657 /* RegistrationViewController.swift in Sources */ = {isa = PBXBuildFile; fileRef = 2CC62B71209B4E43005AB657 /* RegistrationViewController.swift */; };
		2CC62B74209B4E6C005AB657 /* ForgotPasswordViewController.swift in Sources */ = {isa = PBXBuildFile; fileRef = 2CC62B73209B4E6C005AB657 /* ForgotPasswordViewController.swift */; };
		2CC62B76209B4EE6005AB657 /* Auth.storyboard in Resources */ = {isa = PBXBuildFile; fileRef = 2CC62B75209B4EE6005AB657 /* Auth.storyboard */; };
		2CC62B78209B4F3B005AB657 /* ProfileViewController.swift in Sources */ = {isa = PBXBuildFile; fileRef = 2CC62B77209B4F3B005AB657 /* ProfileViewController.swift */; };
		2CC62B7A209B4F64005AB657 /* Profile.storyboard in Resources */ = {isa = PBXBuildFile; fileRef = 2CC62B79209B4F64005AB657 /* Profile.storyboard */; };
		2CEEEBBF2094907C004C60ED /* LaunchInstructor.swift in Sources */ = {isa = PBXBuildFile; fileRef = 2CEEEBBE2094907C004C60ED /* LaunchInstructor.swift */; };
		2CEEEBC22094948F004C60ED /* SplashViewController.swift in Sources */ = {isa = PBXBuildFile; fileRef = 2CEEEBC12094948F004C60ED /* SplashViewController.swift */; };
		2CEEEBC4209494DF004C60ED /* Splash.storyboard in Resources */ = {isa = PBXBuildFile; fileRef = 2CEEEBC3209494DF004C60ED /* Splash.storyboard */; };
		B50DF8D104AB46BF17437180 /* Pods_TestCoordinators.framework in Frameworks */ = {isa = PBXBuildFile; fileRef = E1F8F5311F255ECA02C64F9B /* Pods_TestCoordinators.framework */; };
		B71EE73EBA05337E8E9028A5 /* Pods_TestCoordinatorsTests.framework in Frameworks */ = {isa = PBXBuildFile; fileRef = 3CEBD8CC094793945ECDC49B /* Pods_TestCoordinatorsTests.framework */; };
/* End PBXBuildFile section */

/* Begin PBXContainerItemProxy section */
		2C6E72A82093099400F8FD40 /* PBXContainerItemProxy */ = {
			isa = PBXContainerItemProxy;
			containerPortal = 2C6E728B2093099200F8FD40 /* Project object */;
			proxyType = 1;
			remoteGlobalIDString = 2C6E72922093099200F8FD40;
			remoteInfo = TestCoordinators;
		};
/* End PBXContainerItemProxy section */

/* Begin PBXFileReference section */
		008537D924E5FF6B767258A6 /* Pods-TestCoordinatorsTests.debug.xcconfig */ = {isa = PBXFileReference; includeInIndex = 1; lastKnownFileType = text.xcconfig; name = "Pods-TestCoordinatorsTests.debug.xcconfig"; path = "Pods/Target Support Files/Pods-TestCoordinatorsTests/Pods-TestCoordinatorsTests.debug.xcconfig"; sourceTree = "<group>"; };
		1BFC615D3E4BBA5F0FDC8B12 /* Pods-TestCoordinators.release.xcconfig */ = {isa = PBXFileReference; includeInIndex = 1; lastKnownFileType = text.xcconfig; name = "Pods-TestCoordinators.release.xcconfig"; path = "Pods/Target Support Files/Pods-TestCoordinators/Pods-TestCoordinators.release.xcconfig"; sourceTree = "<group>"; };
		2C11E47420932E1A00C6D5E7 /* DeepLink.swift */ = {isa = PBXFileReference; lastKnownFileType = sourcecode.swift; path = DeepLink.swift; sourceTree = "<group>"; };
		2C11E47720933BB200C6D5E7 /* RouterType.swift */ = {isa = PBXFileReference; lastKnownFileType = sourcecode.swift; path = RouterType.swift; sourceTree = "<group>"; };
		2C11E47920933BCB00C6D5E7 /* AppRouter.swift */ = {isa = PBXFileReference; lastKnownFileType = sourcecode.swift; path = AppRouter.swift; sourceTree = "<group>"; };
		2C11E47D20933C0200C6D5E7 /* NavigationRouter.swift */ = {isa = PBXFileReference; lastKnownFileType = sourcecode.swift; path = NavigationRouter.swift; sourceTree = "<group>"; };
		2C11E47F20933DCF00C6D5E7 /* AppCoordinator.swift */ = {isa = PBXFileReference; lastKnownFileType = sourcecode.swift; path = AppCoordinator.swift; sourceTree = "<group>"; };
		2C11E48120935E1300C6D5E7 /* FeedCoordinator.swift */ = {isa = PBXFileReference; lastKnownFileType = sourcecode.swift; path = FeedCoordinator.swift; sourceTree = "<group>"; };
		2C11E48320935FE400C6D5E7 /* FavoritesCoordinator.swift */ = {isa = PBXFileReference; lastKnownFileType = sourcecode.swift; path = FavoritesCoordinator.swift; sourceTree = "<group>"; };
		2C11E4852093669100C6D5E7 /* Utils.swift */ = {isa = PBXFileReference; fileEncoding = 4; lastKnownFileType = sourcecode.swift; path = Utils.swift; sourceTree = "<group>"; };
		2C677F84209C510000CFE940 /* User.swift */ = {isa = PBXFileReference; lastKnownFileType = sourcecode.swift; path = User.swift; sourceTree = "<group>"; };
		2C677F86209C511400CFE940 /* Session.swift */ = {isa = PBXFileReference; lastKnownFileType = sourcecode.swift; path = Session.swift; sourceTree = "<group>"; };
		2C677F88209C520600CFE940 /* AuthCoordinator.swift */ = {isa = PBXFileReference; lastKnownFileType = sourcecode.swift; path = AuthCoordinator.swift; sourceTree = "<group>"; };
		2C677F8A209C6E9E00CFE940 /* ProfileCoordinator.swift */ = {isa = PBXFileReference; lastKnownFileType = sourcecode.swift; path = ProfileCoordinator.swift; sourceTree = "<group>"; };
		2C677F8C209C72CD00CFE940 /* AuthFlowRunner.swift */ = {isa = PBXFileReference; lastKnownFileType = sourcecode.swift; path = AuthFlowRunner.swift; sourceTree = "<group>"; };
		2C677F8E209C733200CFE940 /* ProfileFlowRunner.swift */ = {isa = PBXFileReference; lastKnownFileType = sourcecode.swift; path = ProfileFlowRunner.swift; sourceTree = "<group>"; };
		2C6E72932093099200F8FD40 /* TestCoordinators.app */ = {isa = PBXFileReference; explicitFileType = wrapper.application; includeInIndex = 0; path = TestCoordinators.app; sourceTree = BUILT_PRODUCTS_DIR; };
		2C6E72962093099200F8FD40 /* AppDelegate.swift */ = {isa = PBXFileReference; lastKnownFileType = sourcecode.swift; path = AppDelegate.swift; sourceTree = "<group>"; };
		2C6E729D2093099400F8FD40 /* Assets.xcassets */ = {isa = PBXFileReference; lastKnownFileType = folder.assetcatalog; path = Assets.xcassets; sourceTree = "<group>"; };
		2C6E72A02093099400F8FD40 /* Base */ = {isa = PBXFileReference; lastKnownFileType = file.storyboard; name = Base; path = Base.lproj/LaunchScreen.storyboard; sourceTree = "<group>"; };
		2C6E72A22093099400F8FD40 /* Info.plist */ = {isa = PBXFileReference; lastKnownFileType = text.plist.xml; path = Info.plist; sourceTree = "<group>"; };
		2C6E72A72093099400F8FD40 /* TestCoordinatorsTests.xctest */ = {isa = PBXFileReference; explicitFileType = wrapper.cfbundle; includeInIndex = 0; path = TestCoordinatorsTests.xctest; sourceTree = BUILT_PRODUCTS_DIR; };
		2C6E72AB2093099400F8FD40 /* TestCoordinatorsTests.swift */ = {isa = PBXFileReference; lastKnownFileType = sourcecode.swift; path = TestCoordinatorsTests.swift; sourceTree = "<group>"; };
		2C6E72AD2093099400F8FD40 /* Info.plist */ = {isa = PBXFileReference; lastKnownFileType = text.plist.xml; path = Info.plist; sourceTree = "<group>"; };
		2C6E72BD20930C6300F8FD40 /* Debug.swift */ = {isa = PBXFileReference; fileEncoding = 4; lastKnownFileType = sourcecode.swift; path = Debug.swift; sourceTree = "<group>"; };
		2C6E72C120930D2000F8FD40 /* NavigationController.swift */ = {isa = PBXFileReference; lastKnownFileType = sourcecode.swift; path = NavigationController.swift; sourceTree = "<group>"; };
		2C6E72C320930D4000F8FD40 /* TabBarController.swift */ = {isa = PBXFileReference; lastKnownFileType = sourcecode.swift; path = TabBarController.swift; sourceTree = "<group>"; };
		2C6E72C520930D6300F8FD40 /* AbstractViewController.swift */ = {isa = PBXFileReference; lastKnownFileType = sourcecode.swift; path = AbstractViewController.swift; sourceTree = "<group>"; };
		2C6E72C720930D9B00F8FD40 /* FeedViewController.swift */ = {isa = PBXFileReference; lastKnownFileType = sourcecode.swift; path = FeedViewController.swift; sourceTree = "<group>"; };
		2C6E72C920930DAD00F8FD40 /* FavoritesViewController.swift */ = {isa = PBXFileReference; lastKnownFileType = sourcecode.swift; path = FavoritesViewController.swift; sourceTree = "<group>"; };
		2C6E72CB20930E1100F8FD40 /* Presentable.swift */ = {isa = PBXFileReference; lastKnownFileType = sourcecode.swift; path = Presentable.swift; sourceTree = "<group>"; };
		2C6E72CD20930E7500F8FD40 /* Coordinator.swift */ = {isa = PBXFileReference; lastKnownFileType = sourcecode.swift; path = Coordinator.swift; sourceTree = "<group>"; };
		2C6E72CF20930FBD00F8FD40 /* Feed.storyboard */ = {isa = PBXFileReference; lastKnownFileType = file.storyboard; path = Feed.storyboard; sourceTree = "<group>"; };
		2C6E72D120930FC800F8FD40 /* Favorites.storyboard */ = {isa = PBXFileReference; lastKnownFileType = file.storyboard; path = Favorites.storyboard; sourceTree = "<group>"; };
		2C6E72D320930FF400F8FD40 /* Storyboard.swift */ = {isa = PBXFileReference; lastKnownFileType = sourcecode.swift; path = Storyboard.swift; sourceTree = "<group>"; };
		2C6E72D52093103300F8FD40 /* Defaults.swift */ = {isa = PBXFileReference; lastKnownFileType = sourcecode.swift; path = Defaults.swift; sourceTree = "<group>"; };
		2C706DA420A051AB00970FE7 /* EditProfileViewController.swift */ = {isa = PBXFileReference; lastKnownFileType = sourcecode.swift; path = EditProfileViewController.swift; sourceTree = "<group>"; };
		2CC62B69209B469E005AB657 /* OnboardingViewController.swift */ = {isa = PBXFileReference; lastKnownFileType = sourcecode.swift; path = OnboardingViewController.swift; sourceTree = "<group>"; };
		2CC62B6C209B46FD005AB657 /* Onboarding.storyboard */ = {isa = PBXFileReference; lastKnownFileType = file.storyboard; path = Onboarding.storyboard; sourceTree = "<group>"; };
		2CC62B6F209B4E0F005AB657 /* LoginViewController.swift */ = {isa = PBXFileReference; lastKnownFileType = sourcecode.swift; path = LoginViewController.swift; sourceTree = "<group>"; };
		2CC62B71209B4E43005AB657 /* RegistrationViewController.swift */ = {isa = PBXFileReference; lastKnownFileType = sourcecode.swift; path = RegistrationViewController.swift; sourceTree = "<group>"; };
		2CC62B73209B4E6C005AB657 /* ForgotPasswordViewController.swift */ = {isa = PBXFileReference; lastKnownFileType = sourcecode.swift; path = ForgotPasswordViewController.swift; sourceTree = "<group>"; };
		2CC62B75209B4EE6005AB657 /* Auth.storyboard */ = {isa = PBXFileReference; lastKnownFileType = file.storyboard; path = Auth.storyboard; sourceTree = "<group>"; };
		2CC62B77209B4F3B005AB657 /* ProfileViewController.swift */ = {isa = PBXFileReference; lastKnownFileType = sourcecode.swift; path = ProfileViewController.swift; sourceTree = "<group>"; };
		2CC62B79209B4F64005AB657 /* Profile.storyboard */ = {isa = PBXFileReference; lastKnownFileType = file.storyboard; path = Profile.storyboard; sourceTree = "<group>"; };
		2CEEEBBE2094907C004C60ED /* LaunchInstructor.swift */ = {isa = PBXFileReference; lastKnownFileType = sourcecode.swift; path = LaunchInstructor.swift; sourceTree = "<group>"; };
		2CEEEBC12094948F004C60ED /* SplashViewController.swift */ = {isa = PBXFileReference; lastKnownFileType = sourcecode.swift; path = SplashViewController.swift; sourceTree = "<group>"; };
		2CEEEBC3209494DF004C60ED /* Splash.storyboard */ = {isa = PBXFileReference; lastKnownFileType = file.storyboard; path = Splash.storyboard; sourceTree = "<group>"; };
		38776655CE0639351536A476 /* Pods-TestCoordinators.debug.xcconfig */ = {isa = PBXFileReference; includeInIndex = 1; lastKnownFileType = text.xcconfig; name = "Pods-TestCoordinators.debug.xcconfig"; path = "Pods/Target Support Files/Pods-TestCoordinators/Pods-TestCoordinators.debug.xcconfig"; sourceTree = "<group>"; };
		3CEBD8CC094793945ECDC49B /* Pods_TestCoordinatorsTests.framework */ = {isa = PBXFileReference; explicitFileType = wrapper.framework; includeInIndex = 0; path = Pods_TestCoordinatorsTests.framework; sourceTree = BUILT_PRODUCTS_DIR; };
		E1F8F5311F255ECA02C64F9B /* Pods_TestCoordinators.framework */ = {isa = PBXFileReference; explicitFileType = wrapper.framework; includeInIndex = 0; path = Pods_TestCoordinators.framework; sourceTree = BUILT_PRODUCTS_DIR; };
		F7DEE21D07F951883E6C771D /* Pods-TestCoordinatorsTests.release.xcconfig */ = {isa = PBXFileReference; includeInIndex = 1; lastKnownFileType = text.xcconfig; name = "Pods-TestCoordinatorsTests.release.xcconfig"; path = "Pods/Target Support Files/Pods-TestCoordinatorsTests/Pods-TestCoordinatorsTests.release.xcconfig"; sourceTree = "<group>"; };
/* End PBXFileReference section */

/* Begin PBXFrameworksBuildPhase section */
		2C6E72902093099200F8FD40 /* Frameworks */ = {
			isa = PBXFrameworksBuildPhase;
			buildActionMask = 2147483647;
			files = (
				B50DF8D104AB46BF17437180 /* Pods_TestCoordinators.framework in Frameworks */,
			);
			runOnlyForDeploymentPostprocessing = 0;
		};
		2C6E72A42093099400F8FD40 /* Frameworks */ = {
			isa = PBXFrameworksBuildPhase;
			buildActionMask = 2147483647;
			files = (
				B71EE73EBA05337E8E9028A5 /* Pods_TestCoordinatorsTests.framework in Frameworks */,
			);
			runOnlyForDeploymentPostprocessing = 0;
		};
/* End PBXFrameworksBuildPhase section */

/* Begin PBXGroup section */
		154DE73550969149A2BBC09E /* Frameworks */ = {
			isa = PBXGroup;
			children = (
				E1F8F5311F255ECA02C64F9B /* Pods_TestCoordinators.framework */,
				3CEBD8CC094793945ECDC49B /* Pods_TestCoordinatorsTests.framework */,
			);
			name = Frameworks;
			sourceTree = "<group>";
		};
		2C11E47620933BA100C6D5E7 /* Routers */ = {
			isa = PBXGroup;
			children = (
				2C11E47720933BB200C6D5E7 /* RouterType.swift */,
				2C11E47920933BCB00C6D5E7 /* AppRouter.swift */,
				2C11E47D20933C0200C6D5E7 /* NavigationRouter.swift */,
			);
			path = Routers;
			sourceTree = "<group>";
		};
		2C677F82209C50E900CFE940 /* Session */ = {
			isa = PBXGroup;
			children = (
				2C677F86209C511400CFE940 /* Session.swift */,
			);
			path = Session;
			sourceTree = "<group>";
		};
		2C677F83209C50F400CFE940 /* Models */ = {
			isa = PBXGroup;
			children = (
				2C677F84209C510000CFE940 /* User.swift */,
			);
			path = Models;
			sourceTree = "<group>";
		};
		2C6E728A2093099200F8FD40 = {
			isa = PBXGroup;
			children = (
				2C6E72952093099200F8FD40 /* TestCoordinators */,
				2C6E72AA2093099400F8FD40 /* TestCoordinatorsTests */,
				2C6E72942093099200F8FD40 /* Products */,
				2E685CD8F24890023CE62503 /* Pods */,
				154DE73550969149A2BBC09E /* Frameworks */,
			);
			sourceTree = "<group>";
		};
		2C6E72942093099200F8FD40 /* Products */ = {
			isa = PBXGroup;
			children = (
				2C6E72932093099200F8FD40 /* TestCoordinators.app */,
				2C6E72A72093099400F8FD40 /* TestCoordinatorsTests.xctest */,
			);
			name = Products;
			sourceTree = "<group>";
		};
		2C6E72952093099200F8FD40 /* TestCoordinators */ = {
			isa = PBXGroup;
			children = (
				2C677F82209C50E900CFE940 /* Session */,
				2C677F83209C50F400CFE940 /* Models */,
				2C6E72BE20930C6300F8FD40 /* Coordination */,
				2C6E72B620930C6300F8FD40 /* UI */,
				2C6E72BC20930C6300F8FD40 /* Utils */,
				2C6E72962093099200F8FD40 /* AppDelegate.swift */,
				2C6E729D2093099400F8FD40 /* Assets.xcassets */,
				2C6E729F2093099400F8FD40 /* LaunchScreen.storyboard */,
				2C6E72A22093099400F8FD40 /* Info.plist */,
				2C6E72BF20930C6300F8FD40 /* Resources */,
			);
			path = TestCoordinators;
			sourceTree = "<group>";
		};
		2C6E72AA2093099400F8FD40 /* TestCoordinatorsTests */ = {
			isa = PBXGroup;
			children = (
				2C6E72AB2093099400F8FD40 /* TestCoordinatorsTests.swift */,
				2C6E72AD2093099400F8FD40 /* Info.plist */,
			);
			path = TestCoordinatorsTests;
			sourceTree = "<group>";
		};
		2C6E72B620930C6300F8FD40 /* UI */ = {
			isa = PBXGroup;
			children = (
				2C6E72B820930C6300F8FD40 /* Common */,
				2CEEEBC02094945B004C60ED /* Splash */,
				2C6E72BB20930C6300F8FD40 /* Onboarding */,
				2C6E72B720930C6300F8FD40 /* Auth */,
				2C6E72BA20930C6300F8FD40 /* Feed */,
				2C6E72B920930C6300F8FD40 /* Favorites */,
				2CC62B6E209B4DDE005AB657 /* Profile */,
			);
			path = UI;
			sourceTree = "<group>";
		};
		2C6E72B720930C6300F8FD40 /* Auth */ = {
			isa = PBXGroup;
			children = (
				2CC62B75209B4EE6005AB657 /* Auth.storyboard */,
				2C677F88209C520600CFE940 /* AuthCoordinator.swift */,
				2CC62B6F209B4E0F005AB657 /* LoginViewController.swift */,
				2CC62B71209B4E43005AB657 /* RegistrationViewController.swift */,
				2CC62B73209B4E6C005AB657 /* ForgotPasswordViewController.swift */,
			);
			path = Auth;
			sourceTree = "<group>";
		};
		2C6E72B820930C6300F8FD40 /* Common */ = {
			isa = PBXGroup;
			children = (
				2C6E72C120930D2000F8FD40 /* NavigationController.swift */,
				2C6E72C320930D4000F8FD40 /* TabBarController.swift */,
				2C6E72C520930D6300F8FD40 /* AbstractViewController.swift */,
				2C677F8C209C72CD00CFE940 /* AuthFlowRunner.swift */,
				2C677F8E209C733200CFE940 /* ProfileFlowRunner.swift */,
			);
			path = Common;
			sourceTree = "<group>";
		};
		2C6E72B920930C6300F8FD40 /* Favorites */ = {
			isa = PBXGroup;
			children = (
				2C6E72D120930FC800F8FD40 /* Favorites.storyboard */,
				2C11E48320935FE400C6D5E7 /* FavoritesCoordinator.swift */,
				2C6E72C920930DAD00F8FD40 /* FavoritesViewController.swift */,
			);
			path = Favorites;
			sourceTree = "<group>";
		};
		2C6E72BA20930C6300F8FD40 /* Feed */ = {
			isa = PBXGroup;
			children = (
				2C6E72CF20930FBD00F8FD40 /* Feed.storyboard */,
				2C11E48120935E1300C6D5E7 /* FeedCoordinator.swift */,
				2C6E72C720930D9B00F8FD40 /* FeedViewController.swift */,
			);
			path = Feed;
			sourceTree = "<group>";
		};
		2C6E72BB20930C6300F8FD40 /* Onboarding */ = {
			isa = PBXGroup;
			children = (
				2CC62B6C209B46FD005AB657 /* Onboarding.storyboard */,
				2CC62B69209B469E005AB657 /* OnboardingViewController.swift */,
			);
			path = Onboarding;
			sourceTree = "<group>";
		};
		2C6E72BC20930C6300F8FD40 /* Utils */ = {
			isa = PBXGroup;
			children = (
				2C6E72BD20930C6300F8FD40 /* Debug.swift */,
				2C6E72D320930FF400F8FD40 /* Storyboard.swift */,
				2C6E72D52093103300F8FD40 /* Defaults.swift */,
				2C11E4852093669100C6D5E7 /* Utils.swift */,
			);
			path = Utils;
			sourceTree = "<group>";
		};
		2C6E72BE20930C6300F8FD40 /* Coordination */ = {
			isa = PBXGroup;
			children = (
				2C6E72CB20930E1100F8FD40 /* Presentable.swift */,
				2C6E72CD20930E7500F8FD40 /* Coordinator.swift */,
				2C11E47420932E1A00C6D5E7 /* DeepLink.swift */,
				2CEEEBBE2094907C004C60ED /* LaunchInstructor.swift */,
				2C11E47F20933DCF00C6D5E7 /* AppCoordinator.swift */,
				2C11E47620933BA100C6D5E7 /* Routers */,
			);
			path = Coordination;
			sourceTree = "<group>";
		};
		2C6E72BF20930C6300F8FD40 /* Resources */ = {
			isa = PBXGroup;
			children = (
			);
			path = Resources;
			sourceTree = "<group>";
		};
		2CC62B6E209B4DDE005AB657 /* Profile */ = {
			isa = PBXGroup;
			children = (
				2CC62B79209B4F64005AB657 /* Profile.storyboard */,
				2C677F8A209C6E9E00CFE940 /* ProfileCoordinator.swift */,
				2CC62B77209B4F3B005AB657 /* ProfileViewController.swift */,
				2C706DA420A051AB00970FE7 /* EditProfileViewController.swift */,
			);
			path = Profile;
			sourceTree = "<group>";
		};
		2CEEEBC02094945B004C60ED /* Splash */ = {
			isa = PBXGroup;
			children = (
				2CEEEBC3209494DF004C60ED /* Splash.storyboard */,
				2CEEEBC12094948F004C60ED /* SplashViewController.swift */,
			);
			path = Splash;
			sourceTree = "<group>";
		};
		2E685CD8F24890023CE62503 /* Pods */ = {
			isa = PBXGroup;
			children = (
				38776655CE0639351536A476 /* Pods-TestCoordinators.debug.xcconfig */,
				1BFC615D3E4BBA5F0FDC8B12 /* Pods-TestCoordinators.release.xcconfig */,
				008537D924E5FF6B767258A6 /* Pods-TestCoordinatorsTests.debug.xcconfig */,
				F7DEE21D07F951883E6C771D /* Pods-TestCoordinatorsTests.release.xcconfig */,
			);
			name = Pods;
			sourceTree = "<group>";
		};
/* End PBXGroup section */

/* Begin PBXNativeTarget section */
		2C6E72922093099200F8FD40 /* TestCoordinators */ = {
			isa = PBXNativeTarget;
			buildConfigurationList = 2C6E72B02093099400F8FD40 /* Build configuration list for PBXNativeTarget "TestCoordinators" */;
			buildPhases = (
				23069ADE9217BF676589BFA3 /* [CP] Check Pods Manifest.lock */,
				2C6E728F2093099200F8FD40 /* Sources */,
				2C6E72902093099200F8FD40 /* Frameworks */,
				2C6E72912093099200F8FD40 /* Resources */,
				E081F681B50AAAB5A3B5ED0F /* [CP] Embed Pods Frameworks */,
			);
			buildRules = (
			);
			dependencies = (
			);
			name = TestCoordinators;
			productName = TestCoordinators;
			productReference = 2C6E72932093099200F8FD40 /* TestCoordinators.app */;
			productType = "com.apple.product-type.application";
		};
		2C6E72A62093099400F8FD40 /* TestCoordinatorsTests */ = {
			isa = PBXNativeTarget;
			buildConfigurationList = 2C6E72B32093099400F8FD40 /* Build configuration list for PBXNativeTarget "TestCoordinatorsTests" */;
			buildPhases = (
				F61FB90747B601466AFA96A0 /* [CP] Check Pods Manifest.lock */,
				2C6E72A32093099400F8FD40 /* Sources */,
				2C6E72A42093099400F8FD40 /* Frameworks */,
				2C6E72A52093099400F8FD40 /* Resources */,
			);
			buildRules = (
			);
			dependencies = (
				2C6E72A92093099400F8FD40 /* PBXTargetDependency */,
			);
			name = TestCoordinatorsTests;
			productName = TestCoordinatorsTests;
			productReference = 2C6E72A72093099400F8FD40 /* TestCoordinatorsTests.xctest */;
			productType = "com.apple.product-type.bundle.unit-test";
		};
/* End PBXNativeTarget section */

/* Begin PBXProject section */
		2C6E728B2093099200F8FD40 /* Project object */ = {
			isa = PBXProject;
			attributes = {
				LastSwiftUpdateCheck = 0930;
				LastUpgradeCheck = 0930;
				ORGANIZATIONNAME = Saritasa;
				TargetAttributes = {
					2C6E72922093099200F8FD40 = {
						CreatedOnToolsVersion = 9.3;
					};
					2C6E72A62093099400F8FD40 = {
						CreatedOnToolsVersion = 9.3;
						TestTargetID = 2C6E72922093099200F8FD40;
					};
				};
			};
			buildConfigurationList = 2C6E728E2093099200F8FD40 /* Build configuration list for PBXProject "TestCoordinators" */;
			compatibilityVersion = "Xcode 9.3";
			developmentRegion = en;
			hasScannedForEncodings = 0;
			knownRegions = (
				en,
				Base,
			);
			mainGroup = 2C6E728A2093099200F8FD40;
			productRefGroup = 2C6E72942093099200F8FD40 /* Products */;
			projectDirPath = "";
			projectRoot = "";
			targets = (
				2C6E72922093099200F8FD40 /* TestCoordinators */,
				2C6E72A62093099400F8FD40 /* TestCoordinatorsTests */,
			);
		};
/* End PBXProject section */

/* Begin PBXResourcesBuildPhase section */
		2C6E72912093099200F8FD40 /* Resources */ = {
			isa = PBXResourcesBuildPhase;
			buildActionMask = 2147483647;
			files = (
				2C6E72A12093099400F8FD40 /* LaunchScreen.storyboard in Resources */,
				2C6E729E2093099400F8FD40 /* Assets.xcassets in Resources */,
				2CC62B7A209B4F64005AB657 /* Profile.storyboard in Resources */,
				2C6E72D220930FC800F8FD40 /* Favorites.storyboard in Resources */,
				2CC62B6D209B46FD005AB657 /* Onboarding.storyboard in Resources */,
				2CEEEBC4209494DF004C60ED /* Splash.storyboard in Resources */,
				2C6E72D020930FBD00F8FD40 /* Feed.storyboard in Resources */,
				2CC62B76209B4EE6005AB657 /* Auth.storyboard in Resources */,
			);
			runOnlyForDeploymentPostprocessing = 0;
		};
		2C6E72A52093099400F8FD40 /* Resources */ = {
			isa = PBXResourcesBuildPhase;
			buildActionMask = 2147483647;
			files = (
			);
			runOnlyForDeploymentPostprocessing = 0;
		};
/* End PBXResourcesBuildPhase section */

/* Begin PBXShellScriptBuildPhase section */
		23069ADE9217BF676589BFA3 /* [CP] Check Pods Manifest.lock */ = {
			isa = PBXShellScriptBuildPhase;
			buildActionMask = 2147483647;
			files = (
			);
			inputPaths = (
				"${PODS_PODFILE_DIR_PATH}/Podfile.lock",
				"${PODS_ROOT}/Manifest.lock",
			);
			name = "[CP] Check Pods Manifest.lock";
			outputPaths = (
				"$(DERIVED_FILE_DIR)/Pods-TestCoordinators-checkManifestLockResult.txt",
			);
			runOnlyForDeploymentPostprocessing = 0;
			shellPath = /bin/sh;
			shellScript = "diff \"${PODS_PODFILE_DIR_PATH}/Podfile.lock\" \"${PODS_ROOT}/Manifest.lock\" > /dev/null\nif [ $? != 0 ] ; then\n    # print error to STDERR\n    echo \"error: The sandbox is not in sync with the Podfile.lock. Run 'pod install' or update your CocoaPods installation.\" >&2\n    exit 1\nfi\n# This output is used by Xcode 'outputs' to avoid re-running this script phase.\necho \"SUCCESS\" > \"${SCRIPT_OUTPUT_FILE_0}\"\n";
			showEnvVarsInLog = 0;
		};
		E081F681B50AAAB5A3B5ED0F /* [CP] Embed Pods Frameworks */ = {
			isa = PBXShellScriptBuildPhase;
			buildActionMask = 2147483647;
			files = (
			);
			inputPaths = (
				"${SRCROOT}/Pods/Target Support Files/Pods-TestCoordinators/Pods-TestCoordinators-frameworks.sh",
				"${BUILT_PRODUCTS_DIR}/Reusable/Reusable.framework",
			);
			name = "[CP] Embed Pods Frameworks";
			outputPaths = (
				"${TARGET_BUILD_DIR}/${FRAMEWORKS_FOLDER_PATH}/Reusable.framework",
			);
			runOnlyForDeploymentPostprocessing = 0;
			shellPath = /bin/sh;
			shellScript = "\"${SRCROOT}/Pods/Target Support Files/Pods-TestCoordinators/Pods-TestCoordinators-frameworks.sh\"\n";
			showEnvVarsInLog = 0;
		};
		F61FB90747B601466AFA96A0 /* [CP] Check Pods Manifest.lock */ = {
			isa = PBXShellScriptBuildPhase;
			buildActionMask = 2147483647;
			files = (
			);
			inputPaths = (
				"${PODS_PODFILE_DIR_PATH}/Podfile.lock",
				"${PODS_ROOT}/Manifest.lock",
			);
			name = "[CP] Check Pods Manifest.lock";
			outputPaths = (
				"$(DERIVED_FILE_DIR)/Pods-TestCoordinatorsTests-checkManifestLockResult.txt",
			);
			runOnlyForDeploymentPostprocessing = 0;
			shellPath = /bin/sh;
			shellScript = "diff \"${PODS_PODFILE_DIR_PATH}/Podfile.lock\" \"${PODS_ROOT}/Manifest.lock\" > /dev/null\nif [ $? != 0 ] ; then\n    # print error to STDERR\n    echo \"error: The sandbox is not in sync with the Podfile.lock. Run 'pod install' or update your CocoaPods installation.\" >&2\n    exit 1\nfi\n# This output is used by Xcode 'outputs' to avoid re-running this script phase.\necho \"SUCCESS\" > \"${SCRIPT_OUTPUT_FILE_0}\"\n";
			showEnvVarsInLog = 0;
		};
/* End PBXShellScriptBuildPhase section */

/* Begin PBXSourcesBuildPhase section */
		2C6E728F2093099200F8FD40 /* Sources */ = {
			isa = PBXSourcesBuildPhase;
			buildActionMask = 2147483647;
			files = (
				2C677F87209C511400CFE940 /* Session.swift in Sources */,
				2C6E72C020930C6300F8FD40 /* Debug.swift in Sources */,
				2C6E72CC20930E1100F8FD40 /* Presentable.swift in Sources */,
				2C11E47E20933C0200C6D5E7 /* NavigationRouter.swift in Sources */,
				2CC62B70209B4E0F005AB657 /* LoginViewController.swift in Sources */,
				2C6E72C620930D6300F8FD40 /* AbstractViewController.swift in Sources */,
				2C677F85209C510000CFE940 /* User.swift in Sources */,
				2C11E48020933DCF00C6D5E7 /* AppCoordinator.swift in Sources */,
				2C11E47520932E1A00C6D5E7 /* DeepLink.swift in Sources */,
				2C11E48220935E1300C6D5E7 /* FeedCoordinator.swift in Sources */,
				2C11E47820933BB200C6D5E7 /* RouterType.swift in Sources */,
				2C706DA520A051AB00970FE7 /* EditProfileViewController.swift in Sources */,
				2C6E72CA20930DAD00F8FD40 /* FavoritesViewController.swift in Sources */,
				2CC62B78209B4F3B005AB657 /* ProfileViewController.swift in Sources */,
				2C677F89209C520600CFE940 /* AuthCoordinator.swift in Sources */,
				2CC62B6A209B469E005AB657 /* OnboardingViewController.swift in Sources */,
				2C677F8D209C72CD00CFE940 /* AuthFlowRunner.swift in Sources */,
				2CC62B74209B4E6C005AB657 /* ForgotPasswordViewController.swift in Sources */,
				2CEEEBBF2094907C004C60ED /* LaunchInstructor.swift in Sources */,
				2C6E72C420930D4000F8FD40 /* TabBarController.swift in Sources */,
				2C11E47A20933BCB00C6D5E7 /* AppRouter.swift in Sources */,
				2CEEEBC22094948F004C60ED /* SplashViewController.swift in Sources */,
				2C677F8F209C733200CFE940 /* ProfileFlowRunner.swift in Sources */,
				2C6E72C220930D2000F8FD40 /* NavigationController.swift in Sources */,
				2C6E72D420930FF400F8FD40 /* Storyboard.swift in Sources */,
				2C6E72C820930D9B00F8FD40 /* FeedViewController.swift in Sources */,
				2CC62B72209B4E43005AB657 /* RegistrationViewController.swift in Sources */,
				2C6E72972093099200F8FD40 /* AppDelegate.swift in Sources */,
				2C6E72CE20930E7500F8FD40 /* Coordinator.swift in Sources */,
				2C11E48420935FE400C6D5E7 /* FavoritesCoordinator.swift in Sources */,
				2C11E4862093669100C6D5E7 /* Utils.swift in Sources */,
				2C677F8B209C6E9E00CFE940 /* ProfileCoordinator.swift in Sources */,
				2C6E72D62093103300F8FD40 /* Defaults.swift in Sources */,
			);
			runOnlyForDeploymentPostprocessing = 0;
		};
		2C6E72A32093099400F8FD40 /* Sources */ = {
			isa = PBXSourcesBuildPhase;
			buildActionMask = 2147483647;
			files = (
				2C6E72AC2093099400F8FD40 /* TestCoordinatorsTests.swift in Sources */,
			);
			runOnlyForDeploymentPostprocessing = 0;
		};
/* End PBXSourcesBuildPhase section */

/* Begin PBXTargetDependency section */
		2C6E72A92093099400F8FD40 /* PBXTargetDependency */ = {
			isa = PBXTargetDependency;
			target = 2C6E72922093099200F8FD40 /* TestCoordinators */;
			targetProxy = 2C6E72A82093099400F8FD40 /* PBXContainerItemProxy */;
		};
/* End PBXTargetDependency section */

/* Begin PBXVariantGroup section */
		2C6E729F2093099400F8FD40 /* LaunchScreen.storyboard */ = {
			isa = PBXVariantGroup;
			children = (
				2C6E72A02093099400F8FD40 /* Base */,
			);
			name = LaunchScreen.storyboard;
			sourceTree = "<group>";
		};
/* End PBXVariantGroup section */

/* Begin XCBuildConfiguration section */
		2C6E72AE2093099400F8FD40 /* Debug */ = {
			isa = XCBuildConfiguration;
			buildSettings = {
				ALWAYS_SEARCH_USER_PATHS = NO;
				CLANG_ANALYZER_NONNULL = YES;
				CLANG_ANALYZER_NUMBER_OBJECT_CONVERSION = YES_AGGRESSIVE;
				CLANG_CXX_LANGUAGE_STANDARD = "gnu++14";
				CLANG_CXX_LIBRARY = "libc++";
				CLANG_ENABLE_MODULES = YES;
				CLANG_ENABLE_OBJC_ARC = YES;
				CLANG_ENABLE_OBJC_WEAK = YES;
				CLANG_WARN_BLOCK_CAPTURE_AUTORELEASING = YES;
				CLANG_WARN_BOOL_CONVERSION = YES;
				CLANG_WARN_COMMA = YES;
				CLANG_WARN_CONSTANT_CONVERSION = YES;
				CLANG_WARN_DEPRECATED_OBJC_IMPLEMENTATIONS = YES;
				CLANG_WARN_DIRECT_OBJC_ISA_USAGE = YES_ERROR;
				CLANG_WARN_DOCUMENTATION_COMMENTS = YES;
				CLANG_WARN_EMPTY_BODY = YES;
				CLANG_WARN_ENUM_CONVERSION = YES;
				CLANG_WARN_INFINITE_RECURSION = YES;
				CLANG_WARN_INT_CONVERSION = YES;
				CLANG_WARN_NON_LITERAL_NULL_CONVERSION = YES;
				CLANG_WARN_OBJC_IMPLICIT_RETAIN_SELF = YES;
				CLANG_WARN_OBJC_LITERAL_CONVERSION = YES;
				CLANG_WARN_OBJC_ROOT_CLASS = YES_ERROR;
				CLANG_WARN_RANGE_LOOP_ANALYSIS = YES;
				CLANG_WARN_STRICT_PROTOTYPES = YES;
				CLANG_WARN_SUSPICIOUS_MOVE = YES;
				CLANG_WARN_UNGUARDED_AVAILABILITY = YES_AGGRESSIVE;
				CLANG_WARN_UNREACHABLE_CODE = YES;
				CLANG_WARN__DUPLICATE_METHOD_MATCH = YES;
				CODE_SIGN_IDENTITY = "iPhone Developer";
				COPY_PHASE_STRIP = NO;
				DEBUG_INFORMATION_FORMAT = dwarf;
				ENABLE_STRICT_OBJC_MSGSEND = YES;
				ENABLE_TESTABILITY = YES;
				GCC_C_LANGUAGE_STANDARD = gnu11;
				GCC_DYNAMIC_NO_PIC = NO;
				GCC_NO_COMMON_BLOCKS = YES;
				GCC_OPTIMIZATION_LEVEL = 0;
				GCC_PREPROCESSOR_DEFINITIONS = (
					"DEBUG=1",
					"$(inherited)",
				);
				GCC_WARN_64_TO_32_BIT_CONVERSION = YES;
				GCC_WARN_ABOUT_RETURN_TYPE = YES_ERROR;
				GCC_WARN_UNDECLARED_SELECTOR = YES;
				GCC_WARN_UNINITIALIZED_AUTOS = YES_AGGRESSIVE;
				GCC_WARN_UNUSED_FUNCTION = YES;
				GCC_WARN_UNUSED_VARIABLE = YES;
				IPHONEOS_DEPLOYMENT_TARGET = 10.0;
				MTL_ENABLE_DEBUG_INFO = YES;
				ONLY_ACTIVE_ARCH = YES;
				SDKROOT = iphoneos;
				SWIFT_ACTIVE_COMPILATION_CONDITIONS = DEBUG;
				SWIFT_OPTIMIZATION_LEVEL = "-Onone";
			};
			name = Debug;
		};
		2C6E72AF2093099400F8FD40 /* Release */ = {
			isa = XCBuildConfiguration;
			buildSettings = {
				ALWAYS_SEARCH_USER_PATHS = NO;
				CLANG_ANALYZER_NONNULL = YES;
				CLANG_ANALYZER_NUMBER_OBJECT_CONVERSION = YES_AGGRESSIVE;
				CLANG_CXX_LANGUAGE_STANDARD = "gnu++14";
				CLANG_CXX_LIBRARY = "libc++";
				CLANG_ENABLE_MODULES = YES;
				CLANG_ENABLE_OBJC_ARC = YES;
				CLANG_ENABLE_OBJC_WEAK = YES;
				CLANG_WARN_BLOCK_CAPTURE_AUTORELEASING = YES;
				CLANG_WARN_BOOL_CONVERSION = YES;
				CLANG_WARN_COMMA = YES;
				CLANG_WARN_CONSTANT_CONVERSION = YES;
				CLANG_WARN_DEPRECATED_OBJC_IMPLEMENTATIONS = YES;
				CLANG_WARN_DIRECT_OBJC_ISA_USAGE = YES_ERROR;
				CLANG_WARN_DOCUMENTATION_COMMENTS = YES;
				CLANG_WARN_EMPTY_BODY = YES;
				CLANG_WARN_ENUM_CONVERSION = YES;
				CLANG_WARN_INFINITE_RECURSION = YES;
				CLANG_WARN_INT_CONVERSION = YES;
				CLANG_WARN_NON_LITERAL_NULL_CONVERSION = YES;
				CLANG_WARN_OBJC_IMPLICIT_RETAIN_SELF = YES;
				CLANG_WARN_OBJC_LITERAL_CONVERSION = YES;
				CLANG_WARN_OBJC_ROOT_CLASS = YES_ERROR;
				CLANG_WARN_RANGE_LOOP_ANALYSIS = YES;
				CLANG_WARN_STRICT_PROTOTYPES = YES;
				CLANG_WARN_SUSPICIOUS_MOVE = YES;
				CLANG_WARN_UNGUARDED_AVAILABILITY = YES_AGGRESSIVE;
				CLANG_WARN_UNREACHABLE_CODE = YES;
				CLANG_WARN__DUPLICATE_METHOD_MATCH = YES;
				CODE_SIGN_IDENTITY = "iPhone Developer";
				COPY_PHASE_STRIP = NO;
				DEBUG_INFORMATION_FORMAT = "dwarf-with-dsym";
				ENABLE_NS_ASSERTIONS = NO;
				ENABLE_STRICT_OBJC_MSGSEND = YES;
				GCC_C_LANGUAGE_STANDARD = gnu11;
				GCC_NO_COMMON_BLOCKS = YES;
				GCC_WARN_64_TO_32_BIT_CONVERSION = YES;
				GCC_WARN_ABOUT_RETURN_TYPE = YES_ERROR;
				GCC_WARN_UNDECLARED_SELECTOR = YES;
				GCC_WARN_UNINITIALIZED_AUTOS = YES_AGGRESSIVE;
				GCC_WARN_UNUSED_FUNCTION = YES;
				GCC_WARN_UNUSED_VARIABLE = YES;
				IPHONEOS_DEPLOYMENT_TARGET = 10.0;
				MTL_ENABLE_DEBUG_INFO = NO;
				SDKROOT = iphoneos;
				SWIFT_COMPILATION_MODE = wholemodule;
				SWIFT_OPTIMIZATION_LEVEL = "-O";
				VALIDATE_PRODUCT = YES;
			};
			name = Release;
		};
		2C6E72B12093099400F8FD40 /* Debug */ = {
			isa = XCBuildConfiguration;
			baseConfigurationReference = 38776655CE0639351536A476 /* Pods-TestCoordinators.debug.xcconfig */;
			buildSettings = {
				ASSETCATALOG_COMPILER_APPICON_NAME = AppIcon;
				CODE_SIGN_STYLE = Manual;
				DEVELOPMENT_TEAM = "";
				INFOPLIST_FILE = TestCoordinators/Info.plist;
				IPHONEOS_DEPLOYMENT_TARGET = 10.0;
				LD_RUNPATH_SEARCH_PATHS = (
					"$(inherited)",
					"@executable_path/Frameworks",
				);
				PRODUCT_BUNDLE_IDENTIFIER = com.saritasa.TestCoordinators;
				PRODUCT_NAME = "$(TARGET_NAME)";
				PROVISIONING_PROFILE_SPECIFIER = "";
				SWIFT_VERSION = 4.0;
				TARGETED_DEVICE_FAMILY = "1,2";
			};
			name = Debug;
		};
		2C6E72B22093099400F8FD40 /* Release */ = {
			isa = XCBuildConfiguration;
			baseConfigurationReference = 1BFC615D3E4BBA5F0FDC8B12 /* Pods-TestCoordinators.release.xcconfig */;
			buildSettings = {
				ASSETCATALOG_COMPILER_APPICON_NAME = AppIcon;
				CODE_SIGN_STYLE = Manual;
				DEVELOPMENT_TEAM = "";
				INFOPLIST_FILE = TestCoordinators/Info.plist;
				IPHONEOS_DEPLOYMENT_TARGET = 10.0;
				LD_RUNPATH_SEARCH_PATHS = (
					"$(inherited)",
					"@executable_path/Frameworks",
				);
				PRODUCT_BUNDLE_IDENTIFIER = com.saritasa.TestCoordinators;
				PRODUCT_NAME = "$(TARGET_NAME)";
				PROVISIONING_PROFILE_SPECIFIER = "";
				SWIFT_VERSION = 4.0;
				TARGETED_DEVICE_FAMILY = "1,2";
			};
			name = Release;
		};
		2C6E72B42093099400F8FD40 /* Debug */ = {
			isa = XCBuildConfiguration;
			baseConfigurationReference = 008537D924E5FF6B767258A6 /* Pods-TestCoordinatorsTests.debug.xcconfig */;
			buildSettings = {
				ALWAYS_EMBED_SWIFT_STANDARD_LIBRARIES = YES;
				BUNDLE_LOADER = "$(TEST_HOST)";
				CODE_SIGN_STYLE = Automatic;
				INFOPLIST_FILE = TestCoordinatorsTests/Info.plist;
				LD_RUNPATH_SEARCH_PATHS = (
					"$(inherited)",
					"@executable_path/Frameworks",
					"@loader_path/Frameworks",
				);
				PRODUCT_BUNDLE_IDENTIFIER = com.saritasa.TestCoordinatorsTests;
				PRODUCT_NAME = "$(TARGET_NAME)";
				SWIFT_VERSION = 4.0;
				TARGETED_DEVICE_FAMILY = "1,2";
				TEST_HOST = "$(BUILT_PRODUCTS_DIR)/TestCoordinators.app/TestCoordinators";
			};
			name = Debug;
		};
		2C6E72B52093099400F8FD40 /* Release */ = {
			isa = XCBuildConfiguration;
			baseConfigurationReference = F7DEE21D07F951883E6C771D /* Pods-TestCoordinatorsTests.release.xcconfig */;
			buildSettings = {
				ALWAYS_EMBED_SWIFT_STANDARD_LIBRARIES = YES;
				BUNDLE_LOADER = "$(TEST_HOST)";
				CODE_SIGN_STYLE = Automatic;
				INFOPLIST_FILE = TestCoordinatorsTests/Info.plist;
				LD_RUNPATH_SEARCH_PATHS = (
					"$(inherited)",
					"@executable_path/Frameworks",
					"@loader_path/Frameworks",
				);
				PRODUCT_BUNDLE_IDENTIFIER = com.saritasa.TestCoordinatorsTests;
				PRODUCT_NAME = "$(TARGET_NAME)";
				SWIFT_VERSION = 4.0;
				TARGETED_DEVICE_FAMILY = "1,2";
				TEST_HOST = "$(BUILT_PRODUCTS_DIR)/TestCoordinators.app/TestCoordinators";
			};
			name = Release;
		};
/* End XCBuildConfiguration section */

/* Begin XCConfigurationList section */
		2C6E728E2093099200F8FD40 /* Build configuration list for PBXProject "TestCoordinators" */ = {
			isa = XCConfigurationList;
			buildConfigurations = (
				2C6E72AE2093099400F8FD40 /* Debug */,
				2C6E72AF2093099400F8FD40 /* Release */,
			);
			defaultConfigurationIsVisible = 0;
			defaultConfigurationName = Release;
		};
		2C6E72B02093099400F8FD40 /* Build configuration list for PBXNativeTarget "TestCoordinators" */ = {
			isa = XCConfigurationList;
			buildConfigurations = (
				2C6E72B12093099400F8FD40 /* Debug */,
				2C6E72B22093099400F8FD40 /* Release */,
			);
			defaultConfigurationIsVisible = 0;
			defaultConfigurationName = Release;
		};
		2C6E72B32093099400F8FD40 /* Build configuration list for PBXNativeTarget "TestCoordinatorsTests" */ = {
			isa = XCConfigurationList;
			buildConfigurations = (
				2C6E72B42093099400F8FD40 /* Debug */,
				2C6E72B52093099400F8FD40 /* Release */,
			);
			defaultConfigurationIsVisible = 0;
			defaultConfigurationName = Release;
		};
/* End XCConfigurationList section */
	};
	rootObject = 2C6E728B2093099200F8FD40 /* Project object */;
}
